// !$*UTF8*$!
{
	archiveVersion = 1;
	classes = {
	};
	objectVersion = 50;
	objects = {

/* Begin PBXBuildFile section */
		0C6FEFFA222F420800F4FC23 /* ProfileViewController.swift in Sources */ = {isa = PBXBuildFile; fileRef = 0C6FEFF9222F420800F4FC23 /* ProfileViewController.swift */; };
		0C6FEFFC222F5D2500F4FC23 /* Task.swift in Sources */ = {isa = PBXBuildFile; fileRef = 0C6FEFFB222F5D2500F4FC23 /* Task.swift */; };
		0C6FEFFE222F5DAC00F4FC23 /* Treat.swift in Sources */ = {isa = PBXBuildFile; fileRef = 0C6FEFFD222F5DAC00F4FC23 /* Treat.swift */; };
		0C6FF000222F648400F4FC23 /* UserProfile.swift in Sources */ = {isa = PBXBuildFile; fileRef = 0C6FEFFF222F648400F4FC23 /* UserProfile.swift */; };
		0C6FF002222F74C500F4FC23 /* NewTaskTableViewCell.swift in Sources */ = {isa = PBXBuildFile; fileRef = 0C6FF001222F74C500F4FC23 /* NewTaskTableViewCell.swift */; };
		0CE8635422124EC2005BD651 /* AppDelegate.swift in Sources */ = {isa = PBXBuildFile; fileRef = 0CE8635322124EC2005BD651 /* AppDelegate.swift */; };
		0CE8635622124EC2005BD651 /* TaskViewController.swift in Sources */ = {isa = PBXBuildFile; fileRef = 0CE8635522124EC2005BD651 /* TaskViewController.swift */; };
		0CE8635822124EC2005BD651 /* TreatViewController.swift in Sources */ = {isa = PBXBuildFile; fileRef = 0CE8635722124EC2005BD651 /* TreatViewController.swift */; };
		0CE8635B22124EC2005BD651 /* Main.storyboard in Resources */ = {isa = PBXBuildFile; fileRef = 0CE8635922124EC2005BD651 /* Main.storyboard */; };
		0CE8635D22124EC3005BD651 /* Assets.xcassets in Resources */ = {isa = PBXBuildFile; fileRef = 0CE8635C22124EC3005BD651 /* Assets.xcassets */; };
		0CE8636022124EC3005BD651 /* LaunchScreen.storyboard in Resources */ = {isa = PBXBuildFile; fileRef = 0CE8635E22124EC3005BD651 /* LaunchScreen.storyboard */; };
		0CE8636B22124EC3005BD651 /* TreatTests.swift in Sources */ = {isa = PBXBuildFile; fileRef = 0CE8636A22124EC3005BD651 /* TreatTests.swift */; };
		0CE8637622124EC3005BD651 /* TreatUITests.swift in Sources */ = {isa = PBXBuildFile; fileRef = 0CE8637522124EC3005BD651 /* TreatUITests.swift */; };
		2D4E28512230923A0071A905 /* User+CoreDataClass.swift in Sources */ = {isa = PBXBuildFile; fileRef = 2D4E284F2230923A0071A905 /* User+CoreDataClass.swift */; };
		2D4E28522230923A0071A905 /* User+CoreDataProperties.swift in Sources */ = {isa = PBXBuildFile; fileRef = 2D4E28502230923A0071A905 /* User+CoreDataProperties.swift */; };
		2D58234E22308E5200BE2988 /* DataModel.xcdatamodeld in Sources */ = {isa = PBXBuildFile; fileRef = 2D58234C22308E5200BE2988 /* DataModel.xcdatamodeld */; };
		2D58237122308F5800BE2988 /* PersistenceService.swift in Sources */ = {isa = PBXBuildFile; fileRef = 2D58237022308F5800BE2988 /* PersistenceService.swift */; };
		7D7DA498222F6F2A00C510B6 /* AddTreatViewController.swift in Sources */ = {isa = PBXBuildFile; fileRef = 7D7DA497222F6F2A00C510B6 /* AddTreatViewController.swift */; };
		7D7DA49A222F771100C510B6 /* TreatOnlineCell.swift in Sources */ = {isa = PBXBuildFile; fileRef = 7D7DA499222F771100C510B6 /* TreatOnlineCell.swift */; };
		7D7DA49C222F7EE400C510B6 /* TreatCategoryCell.swift in Sources */ = {isa = PBXBuildFile; fileRef = 7D7DA49B222F7EE400C510B6 /* TreatCategoryCell.swift */; };
		7D7DA49E222F850800C510B6 /* TreatCategoryViewController.swift in Sources */ = {isa = PBXBuildFile; fileRef = 7D7DA49D222F850800C510B6 /* TreatCategoryViewController.swift */; };
		7DDB76B2223B153500F7D5CB /* Reachability.swift in Sources */ = {isa = PBXBuildFile; fileRef = 7DDB76B1223B153500F7D5CB /* Reachability.swift */; };
		7DFA15012230940000626758 /* CreateTreatViewController.swift in Sources */ = {isa = PBXBuildFile; fileRef = 7DFA15002230940000626758 /* CreateTreatViewController.swift */; };
		7DFA150322326E2200626758 /* GlobalFunctions.swift in Sources */ = {isa = PBXBuildFile; fileRef = 7DFA150222326E2200626758 /* GlobalFunctions.swift */; };
		7DFA150522345C6E00626758 /* HistoryCell.swift in Sources */ = {isa = PBXBuildFile; fileRef = 7DFA150422345C6E00626758 /* HistoryCell.swift */; };
		7DFA1507223774DD00626758 /* TaskCell.swift in Sources */ = {isa = PBXBuildFile; fileRef = 7DFA1506223774DD00626758 /* TaskCell.swift */; };
		B1126216223B291F00E166E9 /* EditProfileViewController.swift in Sources */ = {isa = PBXBuildFile; fileRef = B1126215223B291F00E166E9 /* EditProfileViewController.swift */; };
/* End PBXBuildFile section */

/* Begin PBXContainerItemProxy section */
		0CE8636722124EC3005BD651 /* PBXContainerItemProxy */ = {
			isa = PBXContainerItemProxy;
			containerPortal = 0CE8634822124EC1005BD651 /* Project object */;
			proxyType = 1;
			remoteGlobalIDString = 0CE8634F22124EC1005BD651;
			remoteInfo = Treat;
		};
		0CE8637222124EC3005BD651 /* PBXContainerItemProxy */ = {
			isa = PBXContainerItemProxy;
			containerPortal = 0CE8634822124EC1005BD651 /* Project object */;
			proxyType = 1;
			remoteGlobalIDString = 0CE8634F22124EC1005BD651;
			remoteInfo = Treat;
		};
/* End PBXContainerItemProxy section */

/* Begin PBXFileReference section */
		0C6FEFF9222F420800F4FC23 /* ProfileViewController.swift */ = {isa = PBXFileReference; lastKnownFileType = sourcecode.swift; path = ProfileViewController.swift; sourceTree = "<group>"; };
		0C6FEFFB222F5D2500F4FC23 /* Task.swift */ = {isa = PBXFileReference; lastKnownFileType = sourcecode.swift; path = Task.swift; sourceTree = "<group>"; };
		0C6FEFFD222F5DAC00F4FC23 /* Treat.swift */ = {isa = PBXFileReference; lastKnownFileType = sourcecode.swift; path = Treat.swift; sourceTree = "<group>"; };
		0C6FEFFF222F648400F4FC23 /* UserProfile.swift */ = {isa = PBXFileReference; lastKnownFileType = sourcecode.swift; path = UserProfile.swift; sourceTree = "<group>"; };
		0C6FF001222F74C500F4FC23 /* NewTaskTableViewCell.swift */ = {isa = PBXFileReference; lastKnownFileType = sourcecode.swift; path = NewTaskTableViewCell.swift; sourceTree = "<group>"; };
		0CE8635022124EC2005BD651 /* Treat.app */ = {isa = PBXFileReference; explicitFileType = wrapper.application; includeInIndex = 0; path = Treat.app; sourceTree = BUILT_PRODUCTS_DIR; };
		0CE8635322124EC2005BD651 /* AppDelegate.swift */ = {isa = PBXFileReference; lastKnownFileType = sourcecode.swift; path = AppDelegate.swift; sourceTree = "<group>"; };
		0CE8635522124EC2005BD651 /* TaskViewController.swift */ = {isa = PBXFileReference; lastKnownFileType = sourcecode.swift; path = TaskViewController.swift; sourceTree = "<group>"; };
		0CE8635722124EC2005BD651 /* TreatViewController.swift */ = {isa = PBXFileReference; lastKnownFileType = sourcecode.swift; path = TreatViewController.swift; sourceTree = "<group>"; };
		0CE8635A22124EC2005BD651 /* Base */ = {isa = PBXFileReference; lastKnownFileType = file.storyboard; name = Base; path = Base.lproj/Main.storyboard; sourceTree = "<group>"; };
		0CE8635C22124EC3005BD651 /* Assets.xcassets */ = {isa = PBXFileReference; lastKnownFileType = folder.assetcatalog; path = Assets.xcassets; sourceTree = "<group>"; };
		0CE8635F22124EC3005BD651 /* Base */ = {isa = PBXFileReference; lastKnownFileType = file.storyboard; name = Base; path = Base.lproj/LaunchScreen.storyboard; sourceTree = "<group>"; };
		0CE8636122124EC3005BD651 /* Info.plist */ = {isa = PBXFileReference; lastKnownFileType = text.plist.xml; path = Info.plist; sourceTree = "<group>"; };
		0CE8636622124EC3005BD651 /* TreatTests.xctest */ = {isa = PBXFileReference; explicitFileType = wrapper.cfbundle; includeInIndex = 0; path = TreatTests.xctest; sourceTree = BUILT_PRODUCTS_DIR; };
		0CE8636A22124EC3005BD651 /* TreatTests.swift */ = {isa = PBXFileReference; lastKnownFileType = sourcecode.swift; path = TreatTests.swift; sourceTree = "<group>"; };
		0CE8636C22124EC3005BD651 /* Info.plist */ = {isa = PBXFileReference; lastKnownFileType = text.plist.xml; path = Info.plist; sourceTree = "<group>"; };
		0CE8637122124EC3005BD651 /* TreatUITests.xctest */ = {isa = PBXFileReference; explicitFileType = wrapper.cfbundle; includeInIndex = 0; path = TreatUITests.xctest; sourceTree = BUILT_PRODUCTS_DIR; };
		0CE8637522124EC3005BD651 /* TreatUITests.swift */ = {isa = PBXFileReference; lastKnownFileType = sourcecode.swift; path = TreatUITests.swift; sourceTree = "<group>"; };
		0CE8637722124EC3005BD651 /* Info.plist */ = {isa = PBXFileReference; lastKnownFileType = text.plist.xml; path = Info.plist; sourceTree = "<group>"; };
		2D4E284F2230923A0071A905 /* User+CoreDataClass.swift */ = {isa = PBXFileReference; lastKnownFileType = sourcecode.swift; path = "User+CoreDataClass.swift"; sourceTree = "<group>"; };
		2D4E28502230923A0071A905 /* User+CoreDataProperties.swift */ = {isa = PBXFileReference; lastKnownFileType = sourcecode.swift; path = "User+CoreDataProperties.swift"; sourceTree = "<group>"; };
		2D58234D22308E5200BE2988 /* DataModel.xcdatamodel */ = {isa = PBXFileReference; lastKnownFileType = wrapper.xcdatamodel; path = DataModel.xcdatamodel; sourceTree = "<group>"; };
		2D58237022308F5800BE2988 /* PersistenceService.swift */ = {isa = PBXFileReference; lastKnownFileType = sourcecode.swift; path = PersistenceService.swift; sourceTree = "<group>"; };
		7D7DA497222F6F2A00C510B6 /* AddTreatViewController.swift */ = {isa = PBXFileReference; lastKnownFileType = sourcecode.swift; path = AddTreatViewController.swift; sourceTree = "<group>"; };
		7D7DA499222F771100C510B6 /* TreatOnlineCell.swift */ = {isa = PBXFileReference; lastKnownFileType = sourcecode.swift; path = TreatOnlineCell.swift; sourceTree = "<group>"; };
		7D7DA49B222F7EE400C510B6 /* TreatCategoryCell.swift */ = {isa = PBXFileReference; lastKnownFileType = sourcecode.swift; path = TreatCategoryCell.swift; sourceTree = "<group>"; };
		7D7DA49D222F850800C510B6 /* TreatCategoryViewController.swift */ = {isa = PBXFileReference; lastKnownFileType = sourcecode.swift; path = TreatCategoryViewController.swift; sourceTree = "<group>"; };
		7DDB76B1223B153500F7D5CB /* Reachability.swift */ = {isa = PBXFileReference; lastKnownFileType = sourcecode.swift; path = Reachability.swift; sourceTree = "<group>"; };
		7DFA15002230940000626758 /* CreateTreatViewController.swift */ = {isa = PBXFileReference; lastKnownFileType = sourcecode.swift; path = CreateTreatViewController.swift; sourceTree = "<group>"; };
		7DFA150222326E2200626758 /* GlobalFunctions.swift */ = {isa = PBXFileReference; lastKnownFileType = sourcecode.swift; path = GlobalFunctions.swift; sourceTree = "<group>"; };
		7DFA150422345C6E00626758 /* HistoryCell.swift */ = {isa = PBXFileReference; lastKnownFileType = sourcecode.swift; path = HistoryCell.swift; sourceTree = "<group>"; };
		7DFA1506223774DD00626758 /* TaskCell.swift */ = {isa = PBXFileReference; lastKnownFileType = sourcecode.swift; path = TaskCell.swift; sourceTree = "<group>"; };
		B1126215223B291F00E166E9 /* EditProfileViewController.swift */ = {isa = PBXFileReference; lastKnownFileType = sourcecode.swift; path = EditProfileViewController.swift; sourceTree = "<group>"; };
/* End PBXFileReference section */

/* Begin PBXFrameworksBuildPhase section */
		0CE8634D22124EC1005BD651 /* Frameworks */ = {
			isa = PBXFrameworksBuildPhase;
			buildActionMask = 2147483647;
			files = (
			);
			runOnlyForDeploymentPostprocessing = 0;
		};
		0CE8636322124EC3005BD651 /* Frameworks */ = {
			isa = PBXFrameworksBuildPhase;
			buildActionMask = 2147483647;
			files = (
			);
			runOnlyForDeploymentPostprocessing = 0;
		};
		0CE8636E22124EC3005BD651 /* Frameworks */ = {
			isa = PBXFrameworksBuildPhase;
			buildActionMask = 2147483647;
			files = (
			);
			runOnlyForDeploymentPostprocessing = 0;
		};
/* End PBXFrameworksBuildPhase section */

/* Begin PBXGroup section */
		0CE8634722124EC1005BD651 = {
			isa = PBXGroup;
			children = (
				0CE8635222124EC2005BD651 /* Treat */,
				0CE8636922124EC3005BD651 /* TreatTests */,
				0CE8637422124EC3005BD651 /* TreatUITests */,
				0CE8635122124EC2005BD651 /* Products */,
			);
			sourceTree = "<group>";
		};
		0CE8635122124EC2005BD651 /* Products */ = {
			isa = PBXGroup;
			children = (
				0CE8635022124EC2005BD651 /* Treat.app */,
				0CE8636622124EC3005BD651 /* TreatTests.xctest */,
				0CE8637122124EC3005BD651 /* TreatUITests.xctest */,
			);
			name = Products;
			sourceTree = "<group>";
		};
		0CE8635222124EC2005BD651 /* Treat */ = {
			isa = PBXGroup;
			children = (
				0CE8635322124EC2005BD651 /* AppDelegate.swift */,
				0CE8635522124EC2005BD651 /* TaskViewController.swift */,
				0CE8635722124EC2005BD651 /* TreatViewController.swift */,
				7DFA150222326E2200626758 /* GlobalFunctions.swift */,
				7D7DA497222F6F2A00C510B6 /* AddTreatViewController.swift */,
				7DDB76B1223B153500F7D5CB /* Reachability.swift */,
				7D7DA499222F771100C510B6 /* TreatOnlineCell.swift */,
				7DFA150422345C6E00626758 /* HistoryCell.swift */,
				7DFA1506223774DD00626758 /* TaskCell.swift */,
				0CE8635922124EC2005BD651 /* Main.storyboard */,
				B1126215223B291F00E166E9 /* EditProfileViewController.swift */,
				7DFA15002230940000626758 /* CreateTreatViewController.swift */,
				7D7DA49D222F850800C510B6 /* TreatCategoryViewController.swift */,
				7D7DA49B222F7EE400C510B6 /* TreatCategoryCell.swift */,
				0CE8635C22124EC3005BD651 /* Assets.xcassets */,
				0CE8635E22124EC3005BD651 /* LaunchScreen.storyboard */,
				0CE8636122124EC3005BD651 /* Info.plist */,
				0C6FEFF9222F420800F4FC23 /* ProfileViewController.swift */,
				0C6FEFFB222F5D2500F4FC23 /* Task.swift */,
				0C6FEFFD222F5DAC00F4FC23 /* Treat.swift */,
				0C6FEFFF222F648400F4FC23 /* UserProfile.swift */,
				0C6FF001222F74C500F4FC23 /* NewTaskTableViewCell.swift */,
				2D58234C22308E5200BE2988 /* DataModel.xcdatamodeld */,
				2D58237022308F5800BE2988 /* PersistenceService.swift */,
				2D4E284F2230923A0071A905 /* User+CoreDataClass.swift */,
				2D4E28502230923A0071A905 /* User+CoreDataProperties.swift */,
			);
			path = Treat;
			sourceTree = "<group>";
		};
		0CE8636922124EC3005BD651 /* TreatTests */ = {
			isa = PBXGroup;
			children = (
				0CE8636A22124EC3005BD651 /* TreatTests.swift */,
				0CE8636C22124EC3005BD651 /* Info.plist */,
			);
			path = TreatTests;
			sourceTree = "<group>";
		};
		0CE8637422124EC3005BD651 /* TreatUITests */ = {
			isa = PBXGroup;
			children = (
				0CE8637522124EC3005BD651 /* TreatUITests.swift */,
				0CE8637722124EC3005BD651 /* Info.plist */,
			);
			path = TreatUITests;
			sourceTree = "<group>";
		};
/* End PBXGroup section */

/* Begin PBXNativeTarget section */
		0CE8634F22124EC1005BD651 /* Treat */ = {
			isa = PBXNativeTarget;
			buildConfigurationList = 0CE8637A22124EC3005BD651 /* Build configuration list for PBXNativeTarget "Treat" */;
			buildPhases = (
				0CE8634C22124EC1005BD651 /* Sources */,
				0CE8634D22124EC1005BD651 /* Frameworks */,
				0CE8634E22124EC1005BD651 /* Resources */,
			);
			buildRules = (
			);
			dependencies = (
			);
			name = Treat;
			productName = Treat;
			productReference = 0CE8635022124EC2005BD651 /* Treat.app */;
			productType = "com.apple.product-type.application";
		};
		0CE8636522124EC3005BD651 /* TreatTests */ = {
			isa = PBXNativeTarget;
			buildConfigurationList = 0CE8637D22124EC3005BD651 /* Build configuration list for PBXNativeTarget "TreatTests" */;
			buildPhases = (
				0CE8636222124EC3005BD651 /* Sources */,
				0CE8636322124EC3005BD651 /* Frameworks */,
				0CE8636422124EC3005BD651 /* Resources */,
			);
			buildRules = (
			);
			dependencies = (
				0CE8636822124EC3005BD651 /* PBXTargetDependency */,
			);
			name = TreatTests;
			productName = TreatTests;
			productReference = 0CE8636622124EC3005BD651 /* TreatTests.xctest */;
			productType = "com.apple.product-type.bundle.unit-test";
		};
		0CE8637022124EC3005BD651 /* TreatUITests */ = {
			isa = PBXNativeTarget;
			buildConfigurationList = 0CE8638022124EC3005BD651 /* Build configuration list for PBXNativeTarget "TreatUITests" */;
			buildPhases = (
				0CE8636D22124EC3005BD651 /* Sources */,
				0CE8636E22124EC3005BD651 /* Frameworks */,
				0CE8636F22124EC3005BD651 /* Resources */,
			);
			buildRules = (
			);
			dependencies = (
				0CE8637322124EC3005BD651 /* PBXTargetDependency */,
			);
			name = TreatUITests;
			productName = TreatUITests;
			productReference = 0CE8637122124EC3005BD651 /* TreatUITests.xctest */;
			productType = "com.apple.product-type.bundle.ui-testing";
		};
/* End PBXNativeTarget section */

/* Begin PBXProject section */
		0CE8634822124EC1005BD651 /* Project object */ = {
			isa = PBXProject;
			attributes = {
				LastSwiftUpdateCheck = 1010;
				LastUpgradeCheck = 1010;
				ORGANIZATIONNAME = iSchool;
				TargetAttributes = {
					0CE8634F22124EC1005BD651 = {
						CreatedOnToolsVersion = 10.1;
					};
					0CE8636522124EC3005BD651 = {
						CreatedOnToolsVersion = 10.1;
						TestTargetID = 0CE8634F22124EC1005BD651;
					};
					0CE8637022124EC3005BD651 = {
						CreatedOnToolsVersion = 10.1;
						TestTargetID = 0CE8634F22124EC1005BD651;
					};
				};
			};
			buildConfigurationList = 0CE8634B22124EC1005BD651 /* Build configuration list for PBXProject "Treat" */;
			compatibilityVersion = "Xcode 9.3";
			developmentRegion = en;
			hasScannedForEncodings = 0;
			knownRegions = (
				en,
				Base,
			);
			mainGroup = 0CE8634722124EC1005BD651;
			productRefGroup = 0CE8635122124EC2005BD651 /* Products */;
			projectDirPath = "";
			projectRoot = "";
			targets = (
				0CE8634F22124EC1005BD651 /* Treat */,
				0CE8636522124EC3005BD651 /* TreatTests */,
				0CE8637022124EC3005BD651 /* TreatUITests */,
			);
		};
/* End PBXProject section */

/* Begin PBXResourcesBuildPhase section */
		0CE8634E22124EC1005BD651 /* Resources */ = {
			isa = PBXResourcesBuildPhase;
			buildActionMask = 2147483647;
			files = (
				0CE8636022124EC3005BD651 /* LaunchScreen.storyboard in Resources */,
				0CE8635D22124EC3005BD651 /* Assets.xcassets in Resources */,
				0CE8635B22124EC2005BD651 /* Main.storyboard in Resources */,
			);
			runOnlyForDeploymentPostprocessing = 0;
		};
		0CE8636422124EC3005BD651 /* Resources */ = {
			isa = PBXResourcesBuildPhase;
			buildActionMask = 2147483647;
			files = (
			);
			runOnlyForDeploymentPostprocessing = 0;
		};
		0CE8636F22124EC3005BD651 /* Resources */ = {
			isa = PBXResourcesBuildPhase;
			buildActionMask = 2147483647;
			files = (
			);
			runOnlyForDeploymentPostprocessing = 0;
		};
/* End PBXResourcesBuildPhase section */

/* Begin PBXSourcesBuildPhase section */
		0CE8634C22124EC1005BD651 /* Sources */ = {
			isa = PBXSourcesBuildPhase;
			buildActionMask = 2147483647;
			files = (
				B1126216223B291F00E166E9 /* EditProfileViewController.swift in Sources */,
				0C6FEFFE222F5DAC00F4FC23 /* Treat.swift in Sources */,
				7D7DA49C222F7EE400C510B6 /* TreatCategoryCell.swift in Sources */,
				2D4E28522230923A0071A905 /* User+CoreDataProperties.swift in Sources */,
				0CE8635822124EC2005BD651 /* TreatViewController.swift in Sources */,
				7DFA1507223774DD00626758 /* TaskCell.swift in Sources */,
				7D7DA49E222F850800C510B6 /* TreatCategoryViewController.swift in Sources */,
				7DFA15012230940000626758 /* CreateTreatViewController.swift in Sources */,
				7D7DA49A222F771100C510B6 /* TreatOnlineCell.swift in Sources */,
				0C6FF000222F648400F4FC23 /* UserProfile.swift in Sources */,
				7DFA150322326E2200626758 /* GlobalFunctions.swift in Sources */,
				0CE8635422124EC2005BD651 /* AppDelegate.swift in Sources */,
				2D58237122308F5800BE2988 /* PersistenceService.swift in Sources */,
				7DFA150522345C6E00626758 /* HistoryCell.swift in Sources */,
				0C6FEFFC222F5D2500F4FC23 /* Task.swift in Sources */,
				7DDB76B2223B153500F7D5CB /* Reachability.swift in Sources */,
				0C6FF002222F74C500F4FC23 /* NewTaskTableViewCell.swift in Sources */,
				0C6FEFFA222F420800F4FC23 /* ProfileViewController.swift in Sources */,
				2D58234E22308E5200BE2988 /* DataModel.xcdatamodeld in Sources */,
				0CE8635622124EC2005BD651 /* TaskViewController.swift in Sources */,
				7D7DA498222F6F2A00C510B6 /* AddTreatViewController.swift in Sources */,
				2D4E28512230923A0071A905 /* User+CoreDataClass.swift in Sources */,
			);
			runOnlyForDeploymentPostprocessing = 0;
		};
		0CE8636222124EC3005BD651 /* Sources */ = {
			isa = PBXSourcesBuildPhase;
			buildActionMask = 2147483647;
			files = (
				0CE8636B22124EC3005BD651 /* TreatTests.swift in Sources */,
			);
			runOnlyForDeploymentPostprocessing = 0;
		};
		0CE8636D22124EC3005BD651 /* Sources */ = {
			isa = PBXSourcesBuildPhase;
			buildActionMask = 2147483647;
			files = (
				0CE8637622124EC3005BD651 /* TreatUITests.swift in Sources */,
			);
			runOnlyForDeploymentPostprocessing = 0;
		};
/* End PBXSourcesBuildPhase section */

/* Begin PBXTargetDependency section */
		0CE8636822124EC3005BD651 /* PBXTargetDependency */ = {
			isa = PBXTargetDependency;
			target = 0CE8634F22124EC1005BD651 /* Treat */;
			targetProxy = 0CE8636722124EC3005BD651 /* PBXContainerItemProxy */;
		};
		0CE8637322124EC3005BD651 /* PBXTargetDependency */ = {
			isa = PBXTargetDependency;
			target = 0CE8634F22124EC1005BD651 /* Treat */;
			targetProxy = 0CE8637222124EC3005BD651 /* PBXContainerItemProxy */;
		};
/* End PBXTargetDependency section */

/* Begin PBXVariantGroup section */
		0CE8635922124EC2005BD651 /* Main.storyboard */ = {
			isa = PBXVariantGroup;
			children = (
				0CE8635A22124EC2005BD651 /* Base */,
			);
			name = Main.storyboard;
			sourceTree = "<group>";
		};
		0CE8635E22124EC3005BD651 /* LaunchScreen.storyboard */ = {
			isa = PBXVariantGroup;
			children = (
				0CE8635F22124EC3005BD651 /* Base */,
			);
			name = LaunchScreen.storyboard;
			sourceTree = "<group>";
		};
/* End PBXVariantGroup section */

/* Begin XCBuildConfiguration section */
		0CE8637822124EC3005BD651 /* Debug */ = {
			isa = XCBuildConfiguration;
			buildSettings = {
				ALWAYS_SEARCH_USER_PATHS = NO;
				CLANG_ANALYZER_NONNULL = YES;
				CLANG_ANALYZER_NUMBER_OBJECT_CONVERSION = YES_AGGRESSIVE;
				CLANG_CXX_LANGUAGE_STANDARD = "gnu++14";
				CLANG_CXX_LIBRARY = "libc++";
				CLANG_ENABLE_MODULES = YES;
				CLANG_ENABLE_OBJC_ARC = YES;
				CLANG_ENABLE_OBJC_WEAK = YES;
				CLANG_WARN_BLOCK_CAPTURE_AUTORELEASING = YES;
				CLANG_WARN_BOOL_CONVERSION = YES;
				CLANG_WARN_COMMA = YES;
				CLANG_WARN_CONSTANT_CONVERSION = YES;
				CLANG_WARN_DEPRECATED_OBJC_IMPLEMENTATIONS = YES;
				CLANG_WARN_DIRECT_OBJC_ISA_USAGE = YES_ERROR;
				CLANG_WARN_DOCUMENTATION_COMMENTS = YES;
				CLANG_WARN_EMPTY_BODY = YES;
				CLANG_WARN_ENUM_CONVERSION = YES;
				CLANG_WARN_INFINITE_RECURSION = YES;
				CLANG_WARN_INT_CONVERSION = YES;
				CLANG_WARN_NON_LITERAL_NULL_CONVERSION = YES;
				CLANG_WARN_OBJC_IMPLICIT_RETAIN_SELF = YES;
				CLANG_WARN_OBJC_LITERAL_CONVERSION = YES;
				CLANG_WARN_OBJC_ROOT_CLASS = YES_ERROR;
				CLANG_WARN_RANGE_LOOP_ANALYSIS = YES;
				CLANG_WARN_STRICT_PROTOTYPES = YES;
				CLANG_WARN_SUSPICIOUS_MOVE = YES;
				CLANG_WARN_UNGUARDED_AVAILABILITY = YES_AGGRESSIVE;
				CLANG_WARN_UNREACHABLE_CODE = YES;
				CLANG_WARN__DUPLICATE_METHOD_MATCH = YES;
				CODE_SIGN_IDENTITY = "iPhone Developer";
				COPY_PHASE_STRIP = NO;
				DEBUG_INFORMATION_FORMAT = dwarf;
				ENABLE_STRICT_OBJC_MSGSEND = YES;
				ENABLE_TESTABILITY = YES;
				GCC_C_LANGUAGE_STANDARD = gnu11;
				GCC_DYNAMIC_NO_PIC = NO;
				GCC_NO_COMMON_BLOCKS = YES;
				GCC_OPTIMIZATION_LEVEL = 0;
				GCC_PREPROCESSOR_DEFINITIONS = (
					"DEBUG=1",
					"$(inherited)",
				);
				GCC_WARN_64_TO_32_BIT_CONVERSION = YES;
				GCC_WARN_ABOUT_RETURN_TYPE = YES_ERROR;
				GCC_WARN_UNDECLARED_SELECTOR = YES;
				GCC_WARN_UNINITIALIZED_AUTOS = YES_AGGRESSIVE;
				GCC_WARN_UNUSED_FUNCTION = YES;
				GCC_WARN_UNUSED_VARIABLE = YES;
				IPHONEOS_DEPLOYMENT_TARGET = 12.1;
				MTL_ENABLE_DEBUG_INFO = INCLUDE_SOURCE;
				MTL_FAST_MATH = YES;
				ONLY_ACTIVE_ARCH = YES;
				SDKROOT = iphoneos;
				SWIFT_ACTIVE_COMPILATION_CONDITIONS = DEBUG;
				SWIFT_OPTIMIZATION_LEVEL = "-Onone";
			};
			name = Debug;
		};
		0CE8637922124EC3005BD651 /* Release */ = {
			isa = XCBuildConfiguration;
			buildSettings = {
				ALWAYS_SEARCH_USER_PATHS = NO;
				CLANG_ANALYZER_NONNULL = YES;
				CLANG_ANALYZER_NUMBER_OBJECT_CONVERSION = YES_AGGRESSIVE;
				CLANG_CXX_LANGUAGE_STANDARD = "gnu++14";
				CLANG_CXX_LIBRARY = "libc++";
				CLANG_ENABLE_MODULES = YES;
				CLANG_ENABLE_OBJC_ARC = YES;
				CLANG_ENABLE_OBJC_WEAK = YES;
				CLANG_WARN_BLOCK_CAPTURE_AUTORELEASING = YES;
				CLANG_WARN_BOOL_CONVERSION = YES;
				CLANG_WARN_COMMA = YES;
				CLANG_WARN_CONSTANT_CONVERSION = YES;
				CLANG_WARN_DEPRECATED_OBJC_IMPLEMENTATIONS = YES;
				CLANG_WARN_DIRECT_OBJC_ISA_USAGE = YES_ERROR;
				CLANG_WARN_DOCUMENTATION_COMMENTS = YES;
				CLANG_WARN_EMPTY_BODY = YES;
				CLANG_WARN_ENUM_CONVERSION = YES;
				CLANG_WARN_INFINITE_RECURSION = YES;
				CLANG_WARN_INT_CONVERSION = YES;
				CLANG_WARN_NON_LITERAL_NULL_CONVERSION = YES;
				CLANG_WARN_OBJC_IMPLICIT_RETAIN_SELF = YES;
				CLANG_WARN_OBJC_LITERAL_CONVERSION = YES;
				CLANG_WARN_OBJC_ROOT_CLASS = YES_ERROR;
				CLANG_WARN_RANGE_LOOP_ANALYSIS = YES;
				CLANG_WARN_STRICT_PROTOTYPES = YES;
				CLANG_WARN_SUSPICIOUS_MOVE = YES;
				CLANG_WARN_UNGUARDED_AVAILABILITY = YES_AGGRESSIVE;
				CLANG_WARN_UNREACHABLE_CODE = YES;
				CLANG_WARN__DUPLICATE_METHOD_MATCH = YES;
				CODE_SIGN_IDENTITY = "iPhone Developer";
				COPY_PHASE_STRIP = NO;
				DEBUG_INFORMATION_FORMAT = "dwarf-with-dsym";
				ENABLE_NS_ASSERTIONS = NO;
				ENABLE_STRICT_OBJC_MSGSEND = YES;
				GCC_C_LANGUAGE_STANDARD = gnu11;
				GCC_NO_COMMON_BLOCKS = YES;
				GCC_WARN_64_TO_32_BIT_CONVERSION = YES;
				GCC_WARN_ABOUT_RETURN_TYPE = YES_ERROR;
				GCC_WARN_UNDECLARED_SELECTOR = YES;
				GCC_WARN_UNINITIALIZED_AUTOS = YES_AGGRESSIVE;
				GCC_WARN_UNUSED_FUNCTION = YES;
				GCC_WARN_UNUSED_VARIABLE = YES;
				IPHONEOS_DEPLOYMENT_TARGET = 12.1;
				MTL_ENABLE_DEBUG_INFO = NO;
				MTL_FAST_MATH = YES;
				SDKROOT = iphoneos;
				SWIFT_COMPILATION_MODE = wholemodule;
				SWIFT_OPTIMIZATION_LEVEL = "-O";
				VALIDATE_PRODUCT = YES;
			};
			name = Release;
		};
		0CE8637B22124EC3005BD651 /* Debug */ = {
			isa = XCBuildConfiguration;
			buildSettings = {
				ASSETCATALOG_COMPILER_APPICON_NAME = AppIcon;
				CODE_SIGN_STYLE = Automatic;
				DEVELOPMENT_TEAM = 5PSCJVEKW3;
				INFOPLIST_FILE = Treat/Info.plist;
				LD_RUNPATH_SEARCH_PATHS = (
					"$(inherited)",
					"@executable_path/Frameworks",
				);
				PRODUCT_BUNDLE_IDENTIFIER = edu.washington.Treat;
				PRODUCT_NAME = "$(TARGET_NAME)";
				SWIFT_VERSION = 4.2;
				TARGETED_DEVICE_FAMILY = "1,2";
			};
			name = Debug;
		};
		0CE8637C22124EC3005BD651 /* Release */ = {
			isa = XCBuildConfiguration;
			buildSettings = {
				ASSETCATALOG_COMPILER_APPICON_NAME = AppIcon;
				CODE_SIGN_STYLE = Automatic;
				DEVELOPMENT_TEAM = 5PSCJVEKW3;
				INFOPLIST_FILE = Treat/Info.plist;
				LD_RUNPATH_SEARCH_PATHS = (
					"$(inherited)",
					"@executable_path/Frameworks",
				);
				PRODUCT_BUNDLE_IDENTIFIER = edu.washington.Treat;
				PRODUCT_NAME = "$(TARGET_NAME)";
				SWIFT_VERSION = 4.2;
				TARGETED_DEVICE_FAMILY = "1,2";
			};
			name = Release;
		};
		0CE8637E22124EC3005BD651 /* Debug */ = {
			isa = XCBuildConfiguration;
			buildSettings = {
				ALWAYS_EMBED_SWIFT_STANDARD_LIBRARIES = YES;
				BUNDLE_LOADER = "$(TEST_HOST)";
				CODE_SIGN_STYLE = Automatic;
				INFOPLIST_FILE = TreatTests/Info.plist;
				LD_RUNPATH_SEARCH_PATHS = (
					"$(inherited)",
					"@executable_path/Frameworks",
					"@loader_path/Frameworks",
				);
				PRODUCT_BUNDLE_IDENTIFIER = edu.washington.lbrozik.TreatTests;
				PRODUCT_NAME = "$(TARGET_NAME)";
				SWIFT_VERSION = 4.2;
				TARGETED_DEVICE_FAMILY = "1,2";
				TEST_HOST = "$(BUILT_PRODUCTS_DIR)/Treat.app/Treat";
			};
			name = Debug;
		};
		0CE8637F22124EC3005BD651 /* Release */ = {
			isa = XCBuildConfiguration;
			buildSettings = {
				ALWAYS_EMBED_SWIFT_STANDARD_LIBRARIES = YES;
				BUNDLE_LOADER = "$(TEST_HOST)";
				CODE_SIGN_STYLE = Automatic;
				INFOPLIST_FILE = TreatTests/Info.plist;
				LD_RUNPATH_SEARCH_PATHS = (
					"$(inherited)",
					"@executable_path/Frameworks",
					"@loader_path/Frameworks",
				);
				PRODUCT_BUNDLE_IDENTIFIER = edu.washington.lbrozik.TreatTests;
				PRODUCT_NAME = "$(TARGET_NAME)";
				SWIFT_VERSION = 4.2;
				TARGETED_DEVICE_FAMILY = "1,2";
				TEST_HOST = "$(BUILT_PRODUCTS_DIR)/Treat.app/Treat";
			};
			name = Release;
		};
		0CE8638122124EC3005BD651 /* Debug */ = {
			isa = XCBuildConfiguration;
			buildSettings = {
				ALWAYS_EMBED_SWIFT_STANDARD_LIBRARIES = YES;
				CODE_SIGN_STYLE = Automatic;
				INFOPLIST_FILE = TreatUITests/Info.plist;
				LD_RUNPATH_SEARCH_PATHS = (
					"$(inherited)",
					"@executable_path/Frameworks",
					"@loader_path/Frameworks",
				);
				PRODUCT_BUNDLE_IDENTIFIER = edu.washington.lbrozik.TreatUITests;
				PRODUCT_NAME = "$(TARGET_NAME)";
				SWIFT_VERSION = 4.2;
				TARGETED_DEVICE_FAMILY = "1,2";
				TEST_TARGET_NAME = Treat;
			};
			name = Debug;
		};
		0CE8638222124EC3005BD651 /* Release */ = {
			isa = XCBuildConfiguration;
			buildSettings = {
				ALWAYS_EMBED_SWIFT_STANDARD_LIBRARIES = YES;
				CODE_SIGN_STYLE = Automatic;
				INFOPLIST_FILE = TreatUITests/Info.plist;
				LD_RUNPATH_SEARCH_PATHS = (
					"$(inherited)",
					"@executable_path/Frameworks",
					"@loader_path/Frameworks",
				);
				PRODUCT_BUNDLE_IDENTIFIER = edu.washington.lbrozik.TreatUITests;
				PRODUCT_NAME = "$(TARGET_NAME)";
				SWIFT_VERSION = 4.2;
				TARGETED_DEVICE_FAMILY = "1,2";
				TEST_TARGET_NAME = Treat;
			};
			name = Release;
		};
/* End XCBuildConfiguration section */

/* Begin XCConfigurationList section */
		0CE8634B22124EC1005BD651 /* Build configuration list for PBXProject "Treat" */ = {
			isa = XCConfigurationList;
			buildConfigurations = (
				0CE8637822124EC3005BD651 /* Debug */,
				0CE8637922124EC3005BD651 /* Release */,
			);
			defaultConfigurationIsVisible = 0;
			defaultConfigurationName = Release;
		};
		0CE8637A22124EC3005BD651 /* Build configuration list for PBXNativeTarget "Treat" */ = {
			isa = XCConfigurationList;
			buildConfigurations = (
				0CE8637B22124EC3005BD651 /* Debug */,
				0CE8637C22124EC3005BD651 /* Release */,
			);
			defaultConfigurationIsVisible = 0;
			defaultConfigurationName = Release;
		};
		0CE8637D22124EC3005BD651 /* Build configuration list for PBXNativeTarget "TreatTests" */ = {
			isa = XCConfigurationList;
			buildConfigurations = (
				0CE8637E22124EC3005BD651 /* Debug */,
				0CE8637F22124EC3005BD651 /* Release */,
			);
			defaultConfigurationIsVisible = 0;
			defaultConfigurationName = Release;
		};
		0CE8638022124EC3005BD651 /* Build configuration list for PBXNativeTarget "TreatUITests" */ = {
			isa = XCConfigurationList;
			buildConfigurations = (
				0CE8638122124EC3005BD651 /* Debug */,
				0CE8638222124EC3005BD651 /* Release */,
			);
			defaultConfigurationIsVisible = 0;
			defaultConfigurationName = Release;
		};
/* End XCConfigurationList section */

/* Begin XCVersionGroup section */
		2D58234C22308E5200BE2988 /* DataModel.xcdatamodeld */ = {
			isa = XCVersionGroup;
			children = (
				2D58234D22308E5200BE2988 /* DataModel.xcdatamodel */,
			);
			currentVersion = 2D58234D22308E5200BE2988 /* DataModel.xcdatamodel */;
			path = DataModel.xcdatamodeld;
			sourceTree = "<group>";
			versionGroupType = wrapper.xcdatamodel;
		};
/* End XCVersionGroup section */
	};
	rootObject = 0CE8634822124EC1005BD651 /* Project object */;
}
